
Microsoft Visual Studio Solution File, Format Version 12.00
# Visual Studio Version 17
VisualStudioVersion = 17.0.31903.59
MinimumVisualStudioVersion = 10.0.40219.1
Project("{9A19103F-16F7-4668-BE54-9A1E7A4F7556}") = "SportsStore", "SportsStore\SportsStore.csproj", "{D773566F-EED6-44E5-B411-AB933C0F0678}"
EndProject
Project("{9A19103F-16F7-4668-BE54-9A1E7A4F7556}") = "SportsStore.Tests", "SportsStore.Tests\SportsStore.Tests.csproj", "{056125B5-F1AE-4813-8965-B0926500A9EB}"
EndProject
Global
	GlobalSection(SolutionConfigurationPlatforms) = preSolution
		Debug|Any CPU = Debug|Any CPU
		Release|Any CPU = Release|Any CPU
	EndGlobalSection
	GlobalSection(ProjectConfigurationPlatforms) = postSolution
		{D773566F-EED6-44E5-B411-AB933C0F0678}.Debug|Any CPU.ActiveCfg = Debug|Any CPU
		{D773566F-EED6-44E5-B411-AB933C0F0678}.Debug|Any CPU.Build.0 = Debug|Any CPU
		{D773566F-EED6-44E5-B411-AB933C0F0678}.Release|Any CPU.ActiveCfg = Release|Any CPU
		{D773566F-EED6-44E5-B411-AB933C0F0678}.Release|Any CPU.Build.0 = Release|Any CPU
		{056125B5-F1AE-4813-8965-B0926500A9EB}.Debug|Any CPU.ActiveCfg = Debug|Any CPU
		{056125B5-F1AE-4813-8965-B0926500A9EB}.Debug|Any CPU.Build.0 = Debug|Any CPU
		{056125B5-F1AE-4813-8965-B0926500A9EB}.Release|Any CPU.ActiveCfg = Release|Any CPU
		{056125B5-F1AE-4813-8965-B0926500A9EB}.Release|Any CPU.Build.0 = Release|Any CPU
	EndGlobalSection
	GlobalSection(SolutionProperties) = preSolution
		HideSolutionNode = FALSE
	EndGlobalSection
	GlobalSection(ExtensibilityGlobals) = postSolution
		SolutionGuid = {E0EC06DB-E28B-4663-BA09-D18B4E2A8B8E}
	EndGlobalSection
EndGlobal
